
Microsoft Visual Studio Solution File, Format Version 12.00
# Visual Studio 2013
VisualStudioVersion = 12.0.31101.0
MinimumVisualStudioVersion = 10.0.40219.1
Project("{2150E333-8FDC-42A3-9474-1A3956D46DE8}") = "Solution Items", "Solution Items", "{6FE9C8DF-946E-4136-8FE0-4EC5520BF57F}"
	ProjectSection(SolutionItems) = preProject
		build.bat = build.bat
		..\LICENSE.txt = ..\LICENSE.txt
		SimpleRestClient.runsettings = SimpleRestClient.runsettings
		Twilio.Api.Pcl.Tests.runsettings = Twilio.Api.Pcl.Tests.runsettings
		Twilio.Lookups.nuspec = Twilio.Lookups.nuspec
		Twilio.nuspec = Twilio.nuspec
		Twilio.TaskRouter.nuspec = Twilio.TaskRouter.nuspec
		version.lookups.txt = version.lookups.txt
		version.taskrouter.txt = version.taskrouter.txt
		version.txt = version.txt
	EndProjectSection
EndProject
Project("{FAE04EC0-301F-11D3-BF4B-00C04F79EFBC}") = "Twilio.Api.Net35", "Twilio.Api.Net35\Twilio.Api.Net35.csproj", "{894FF9E8-4DBF-4472-8AE2-1A6A988E105B}"
EndProject
Project("{FAE04EC0-301F-11D3-BF4B-00C04F79EFBC}") = "Twilio.Api.Shared", "Twilio.Api.Shared\Twilio.Api.Shared.csproj", "{F9C37D61-2764-42EF-95BF-F17A938E3012}"
EndProject
Project("{FAE04EC0-301F-11D3-BF4B-00C04F79EFBC}") = "Twilio.Api.Tests.Performance", "Twilio.Api.Tests.Performance\Twilio.Api.Tests.Performance.csproj", "{D724E4CF-C517-4B9D-B5F7-4A4E9ADD1783}"
EndProject
Project("{FAE04EC0-301F-11D3-BF4B-00C04F79EFBC}") = "Twilio.Api.Pcl", "Twilio.Api.Pcl\Twilio.Api.Pcl.csproj", "{7D7AE61D-4326-495B-BF94-D54CCC03E127}"
EndProject
Project("{2150E333-8FDC-42A3-9474-1A3956D46DE8}") = ".build", ".build", "{2F763F2A-07CD-4981-B5F7-A48CDB926FDA}"
	ProjectSection(SolutionItems) = preProject
		Build.proj = Build.proj
		.build\MSBuild.Community.Tasks.dll = .build\MSBuild.Community.Tasks.dll
		.build\MSBuild.Community.Tasks.targets = .build\MSBuild.Community.Tasks.targets
	EndProjectSection
EndProject
Project("{FAE04EC0-301F-11D3-BF4B-00C04F79EFBC}") = "Twilio.Api.Net35.Tests", "Twilio.Api.Net35.Tests\Twilio.Api.Net35.Tests.csproj", "{91583912-B870-4DA7-8092-3EFD84DF043D}"
EndProject
Project("{FAE04EC0-301F-11D3-BF4B-00C04F79EFBC}") = "Twilio.Api.Pcl.Tests", "Twilio.Api.Pcl.Tests\Twilio.Api.Pcl.Tests.csproj", "{57E93AE9-A6A8-46B5-B559-9388B57566D2}"
EndProject
Project("{FAE04EC0-301F-11D3-BF4B-00C04F79EFBC}") = "SimpleRestClient.Net35", "SimpleRestClient.Net35\SimpleRestClient.Net35.csproj", "{2B09B37D-4049-4416-BDAB-14008BFA96D8}"
EndProject
Project("{FAE04EC0-301F-11D3-BF4B-00C04F79EFBC}") = "SimpleRestClient.Net35.Tests", "SimpleRestClient.Net35.Tests\SimpleRestClient.Net35.Tests.csproj", "{6F5A09FB-9D5B-492E-80D1-86E3D829039A}"
EndProject
Project("{2150E333-8FDC-42A3-9474-1A3956D46DE8}") = "FX35", "FX35", "{5A5B8E59-A254-4C13-9898-583B9189C420}"
EndProject
Project("{2150E333-8FDC-42A3-9474-1A3956D46DE8}") = "PCL", "PCL", "{26B6805B-1570-4BFC-AC57-CDEFCF9E716F}"
EndProject
Project("{FAE04EC0-301F-11D3-BF4B-00C04F79EFBC}") = "SimpleRestClient.Pcl.Tests", "SimpleRestClient.Pcl.Tests\SimpleRestClient.Pcl.Tests.csproj", "{5FB7A766-E157-4D92-BD68-1331BFF4FB22}"
EndProject
Project("{FAE04EC0-301F-11D3-BF4B-00C04F79EFBC}") = "SimpleRestClient.Shared", "SimpleRestClient.Shared\SimpleRestClient.Shared.csproj", "{A8E412DA-506E-4CEC-BD6F-C16C15B6150D}"
EndProject
Project("{2150E333-8FDC-42A3-9474-1A3956D46DE8}") = "Shared", "Shared", "{78CA8FEC-3EE3-47F1-A552-8E3361D87D26}"
EndProject
Project("{FAE04EC0-301F-11D3-BF4B-00C04F79EFBC}") = "SimpleRestClient.Pcl", "SimpleRestClient.Pcl\SimpleRestClient.Pcl.csproj", "{4654E7E4-3BF0-4FDA-98F8-4BE16FC3497D}"
EndProject
Project("{FAE04EC0-301F-11D3-BF4B-00C04F79EFBC}") = "SimpleRestClient.Tests.Shared", "SimpleRestClient.Tests.Shared\SimpleRestClient.Tests.Shared.csproj", "{91BDA551-1CF3-4484-87EF-E341807FBCD8}"
EndProject
Project("{2150E333-8FDC-42A3-9474-1A3956D46DE8}") = ".nuget", ".nuget", "{225A641B-94A6-4CC4-987C-60493F795C8D}"
	ProjectSection(SolutionItems) = preProject
		.nuget\packages.config = .nuget\packages.config
	EndProjectSection
EndProject
Project("{FAE04EC0-301F-11D3-BF4B-00C04F79EFBC}") = "Twilio.Api.TaskRouter.Pcl", "Twilio.Api.TaskRouter.Pcl\Twilio.Api.TaskRouter.Pcl.csproj", "{A7A7BBA1-07E9-413A-A162-333430F299C5}"
EndProject
Project("{FAE04EC0-301F-11D3-BF4B-00C04F79EFBC}") = "Twilio.Api.TaskRouter.Shared", "Twilio.Api.TaskRouter.Shared\Twilio.Api.TaskRouter.Shared.csproj", "{1E6190BD-AF7E-411C-B733-DD33C4F2FA56}"
EndProject
Project("{FAE04EC0-301F-11D3-BF4B-00C04F79EFBC}") = "Twilio.Api.TaskRouter.Net35", "Twilio.Api.TaskRouter.Net35\Twilio.Api.TaskRouter.Net35.csproj", "{2B799386-C484-4F3F-A35D-E2E2752ECAB1}"
EndProject
Project("{FAE04EC0-301F-11D3-BF4B-00C04F79EFBC}") = "Twilio.Api.TaskRouter.Net35.Tests", "Twilio.Api.TaskRouter.Net35.Tests\Twilio.Api.TaskRouter.Net35.Tests.csproj", "{F7155AF6-26B9-42E7-A714-13768053F7CE}"
EndProject
Project("{FAE04EC0-301F-11D3-BF4B-00C04F79EFBC}") = "Twilio.Api.TaskRouter.Pcl.Tests", "Twilio.Api.TaskRouter.Pcl.Tests\Twilio.Api.TaskRouter.Pcl.Tests.csproj", "{6AADA9D2-CDDB-4089-8293-EC278F193713}"
EndProject
Project("{FAE04EC0-301F-11D3-BF4B-00C04F79EFBC}") = "Twilio.Api.TaskRouter.Tests.Shared", "Twilio.Api.TaskRouter.Tests.Shared\Twilio.Api.TaskRouter.Tests.Shared.csproj", "{E7FD10A2-BB81-4F98-A199-0F7834093FA9}"
EndProject
Project("{FAE04EC0-301F-11D3-BF4B-00C04F79EFBC}") = "Twilio.Api.Lookups.Pcl", "Twilio.Api.Lookups.Pcl\Twilio.Api.Lookups.Pcl.csproj", "{AA3A981A-8BC8-492E-8DBC-6A6AB959B244}"
EndProject
Project("{FAE04EC0-301F-11D3-BF4B-00C04F79EFBC}") = "Twilio.Api.Lookups.Pcl.Tests", "Twilio.Api.Lookups.Pcl.Tests\Twilio.Api.Lookups.Pcl.Tests.csproj", "{77503B89-80A9-4773-9221-7B54C1EED684}"
EndProject
Project("{FAE04EC0-301F-11D3-BF4B-00C04F79EFBC}") = "Twilio.Api.Lookups.Shared", "Twilio.Api.Lookups.Shared\Twilio.Api.Lookups.Shared.csproj", "{BA22468A-F5FD-4A3A-ADA4-9FFA0FB7B4EA}"
EndProject
Project("{FAE04EC0-301F-11D3-BF4B-00C04F79EFBC}") = "Twilio.Api.Lookups.Net35", "Twilio.Api.Lookups.Net35\Twilio.Api.Lookups.Net35.csproj", "{F2C005DF-90CE-4511-9A91-6B3EAD155AE8}"
EndProject
Project("{FAE04EC0-301F-11D3-BF4B-00C04F79EFBC}") = "Twilio.Api.Lookups.Net35.Tests", "Twilio.Api.Lookups.Net35.Tests\Twilio.Api.Lookups.Net35.Tests.csproj", "{90CF0D3F-EECB-4141-9F92-C7CD11EC954E}"
EndProject
Global
	GlobalSection(SolutionConfigurationPlatforms) = preSolution
		Debug|Any CPU = Debug|Any CPU
		Debug|ARM = Debug|ARM
		Debug|Mixed Platforms = Debug|Mixed Platforms
		Debug|x86 = Debug|x86
		Release|Any CPU = Release|Any CPU
		Release|ARM = Release|ARM
		Release|Mixed Platforms = Release|Mixed Platforms
		Release|x86 = Release|x86
	EndGlobalSection
	GlobalSection(ProjectConfigurationPlatforms) = postSolution
		{894FF9E8-4DBF-4472-8AE2-1A6A988E105B}.Debug|Any CPU.ActiveCfg = Debug|Any CPU
		{894FF9E8-4DBF-4472-8AE2-1A6A988E105B}.Debug|Any CPU.Build.0 = Debug|Any CPU
		{894FF9E8-4DBF-4472-8AE2-1A6A988E105B}.Debug|ARM.ActiveCfg = Debug|Any CPU
		{894FF9E8-4DBF-4472-8AE2-1A6A988E105B}.Debug|Mixed Platforms.ActiveCfg = Debug|Any CPU
		{894FF9E8-4DBF-4472-8AE2-1A6A988E105B}.Debug|Mixed Platforms.Build.0 = Debug|Any CPU
		{894FF9E8-4DBF-4472-8AE2-1A6A988E105B}.Debug|x86.ActiveCfg = Debug|Any CPU
		{894FF9E8-4DBF-4472-8AE2-1A6A988E105B}.Release|Any CPU.ActiveCfg = Release|Any CPU
		{894FF9E8-4DBF-4472-8AE2-1A6A988E105B}.Release|Any CPU.Build.0 = Release|Any CPU
		{894FF9E8-4DBF-4472-8AE2-1A6A988E105B}.Release|ARM.ActiveCfg = Release|Any CPU
		{894FF9E8-4DBF-4472-8AE2-1A6A988E105B}.Release|Mixed Platforms.ActiveCfg = Release|Any CPU
		{894FF9E8-4DBF-4472-8AE2-1A6A988E105B}.Release|Mixed Platforms.Build.0 = Release|Any CPU
		{894FF9E8-4DBF-4472-8AE2-1A6A988E105B}.Release|x86.ActiveCfg = Release|Any CPU
		{F9C37D61-2764-42EF-95BF-F17A938E3012}.Debug|Any CPU.ActiveCfg = Debug|Any CPU
		{F9C37D61-2764-42EF-95BF-F17A938E3012}.Debug|ARM.ActiveCfg = Debug|Any CPU
		{F9C37D61-2764-42EF-95BF-F17A938E3012}.Debug|Mixed Platforms.ActiveCfg = Debug|Any CPU
		{F9C37D61-2764-42EF-95BF-F17A938E3012}.Debug|x86.ActiveCfg = Debug|Any CPU
		{F9C37D61-2764-42EF-95BF-F17A938E3012}.Release|Any CPU.ActiveCfg = Release|Any CPU
		{F9C37D61-2764-42EF-95BF-F17A938E3012}.Release|ARM.ActiveCfg = Release|Any CPU
		{F9C37D61-2764-42EF-95BF-F17A938E3012}.Release|Mixed Platforms.ActiveCfg = Release|Any CPU
		{F9C37D61-2764-42EF-95BF-F17A938E3012}.Release|x86.ActiveCfg = Release|Any CPU
		{D724E4CF-C517-4B9D-B5F7-4A4E9ADD1783}.Debug|Any CPU.ActiveCfg = Debug|Any CPU
		{D724E4CF-C517-4B9D-B5F7-4A4E9ADD1783}.Debug|ARM.ActiveCfg = Debug|Any CPU
		{D724E4CF-C517-4B9D-B5F7-4A4E9ADD1783}.Debug|Mixed Platforms.ActiveCfg = Debug|Any CPU
		{D724E4CF-C517-4B9D-B5F7-4A4E9ADD1783}.Debug|x86.ActiveCfg = Debug|Any CPU
		{D724E4CF-C517-4B9D-B5F7-4A4E9ADD1783}.Release|Any CPU.ActiveCfg = Release|Any CPU
		{D724E4CF-C517-4B9D-B5F7-4A4E9ADD1783}.Release|ARM.ActiveCfg = Release|Any CPU
		{D724E4CF-C517-4B9D-B5F7-4A4E9ADD1783}.Release|Mixed Platforms.ActiveCfg = Release|Any CPU
		{D724E4CF-C517-4B9D-B5F7-4A4E9ADD1783}.Release|x86.ActiveCfg = Release|Any CPU
		{7D7AE61D-4326-495B-BF94-D54CCC03E127}.Debug|Any CPU.ActiveCfg = Debug|Any CPU
		{7D7AE61D-4326-495B-BF94-D54CCC03E127}.Debug|ARM.ActiveCfg = Debug|Any CPU
		{7D7AE61D-4326-495B-BF94-D54CCC03E127}.Debug|Mixed Platforms.ActiveCfg = Debug|Any CPU
		{7D7AE61D-4326-495B-BF94-D54CCC03E127}.Debug|Mixed Platforms.Build.0 = Debug|Any CPU
		{7D7AE61D-4326-495B-BF94-D54CCC03E127}.Debug|x86.ActiveCfg = Debug|Any CPU
		{7D7AE61D-4326-495B-BF94-D54CCC03E127}.Release|Any CPU.ActiveCfg = Release|Any CPU
		{7D7AE61D-4326-495B-BF94-D54CCC03E127}.Release|ARM.ActiveCfg = Release|Any CPU
		{7D7AE61D-4326-495B-BF94-D54CCC03E127}.Release|Mixed Platforms.ActiveCfg = Release|Any CPU
		{7D7AE61D-4326-495B-BF94-D54CCC03E127}.Release|Mixed Platforms.Build.0 = Release|Any CPU
		{7D7AE61D-4326-495B-BF94-D54CCC03E127}.Release|x86.ActiveCfg = Release|Any CPU
		{91583912-B870-4DA7-8092-3EFD84DF043D}.Debug|Any CPU.ActiveCfg = Debug|Any CPU
		{91583912-B870-4DA7-8092-3EFD84DF043D}.Debug|Any CPU.Build.0 = Debug|Any CPU
		{91583912-B870-4DA7-8092-3EFD84DF043D}.Debug|ARM.ActiveCfg = Debug|Any CPU
		{91583912-B870-4DA7-8092-3EFD84DF043D}.Debug|Mixed Platforms.ActiveCfg = Debug|Any CPU
		{91583912-B870-4DA7-8092-3EFD84DF043D}.Debug|Mixed Platforms.Build.0 = Debug|Any CPU
		{91583912-B870-4DA7-8092-3EFD84DF043D}.Debug|x86.ActiveCfg = Debug|Any CPU
		{91583912-B870-4DA7-8092-3EFD84DF043D}.Release|Any CPU.ActiveCfg = Release|Any CPU
		{91583912-B870-4DA7-8092-3EFD84DF043D}.Release|Any CPU.Build.0 = Release|Any CPU
		{91583912-B870-4DA7-8092-3EFD84DF043D}.Release|ARM.ActiveCfg = Release|Any CPU
		{91583912-B870-4DA7-8092-3EFD84DF043D}.Release|Mixed Platforms.ActiveCfg = Release|Any CPU
		{91583912-B870-4DA7-8092-3EFD84DF043D}.Release|Mixed Platforms.Build.0 = Release|Any CPU
		{91583912-B870-4DA7-8092-3EFD84DF043D}.Release|x86.ActiveCfg = Release|Any CPU
		{57E93AE9-A6A8-46B5-B559-9388B57566D2}.Debug|Any CPU.ActiveCfg = Debug|Any CPU
		{57E93AE9-A6A8-46B5-B559-9388B57566D2}.Debug|Any CPU.Build.0 = Debug|Any CPU
		{57E93AE9-A6A8-46B5-B559-9388B57566D2}.Debug|ARM.ActiveCfg = Debug|Any CPU
		{57E93AE9-A6A8-46B5-B559-9388B57566D2}.Debug|Mixed Platforms.ActiveCfg = Debug|Any CPU
		{57E93AE9-A6A8-46B5-B559-9388B57566D2}.Debug|Mixed Platforms.Build.0 = Debug|Any CPU
		{57E93AE9-A6A8-46B5-B559-9388B57566D2}.Debug|x86.ActiveCfg = Debug|Any CPU
		{57E93AE9-A6A8-46B5-B559-9388B57566D2}.Release|Any CPU.ActiveCfg = Release|Any CPU
		{57E93AE9-A6A8-46B5-B559-9388B57566D2}.Release|Any CPU.Build.0 = Release|Any CPU
		{57E93AE9-A6A8-46B5-B559-9388B57566D2}.Release|ARM.ActiveCfg = Release|Any CPU
		{57E93AE9-A6A8-46B5-B559-9388B57566D2}.Release|Mixed Platforms.ActiveCfg = Release|Any CPU
		{57E93AE9-A6A8-46B5-B559-9388B57566D2}.Release|Mixed Platforms.Build.0 = Release|Any CPU
		{57E93AE9-A6A8-46B5-B559-9388B57566D2}.Release|x86.ActiveCfg = Release|Any CPU
		{2B09B37D-4049-4416-BDAB-14008BFA96D8}.Debug|Any CPU.ActiveCfg = Debug|Any CPU
		{2B09B37D-4049-4416-BDAB-14008BFA96D8}.Debug|Any CPU.Build.0 = Debug|Any CPU
		{2B09B37D-4049-4416-BDAB-14008BFA96D8}.Debug|ARM.ActiveCfg = Debug|Any CPU
		{2B09B37D-4049-4416-BDAB-14008BFA96D8}.Debug|Mixed Platforms.ActiveCfg = Debug|Any CPU
		{2B09B37D-4049-4416-BDAB-14008BFA96D8}.Debug|Mixed Platforms.Build.0 = Debug|Any CPU
		{2B09B37D-4049-4416-BDAB-14008BFA96D8}.Debug|x86.ActiveCfg = Debug|Any CPU
		{2B09B37D-4049-4416-BDAB-14008BFA96D8}.Release|Any CPU.ActiveCfg = Release|Any CPU
		{2B09B37D-4049-4416-BDAB-14008BFA96D8}.Release|Any CPU.Build.0 = Release|Any CPU
		{2B09B37D-4049-4416-BDAB-14008BFA96D8}.Release|ARM.ActiveCfg = Release|Any CPU
		{2B09B37D-4049-4416-BDAB-14008BFA96D8}.Release|Mixed Platforms.ActiveCfg = Release|Any CPU
		{2B09B37D-4049-4416-BDAB-14008BFA96D8}.Release|Mixed Platforms.Build.0 = Release|Any CPU
		{2B09B37D-4049-4416-BDAB-14008BFA96D8}.Release|x86.ActiveCfg = Release|Any CPU
		{6F5A09FB-9D5B-492E-80D1-86E3D829039A}.Debug|Any CPU.ActiveCfg = Debug|Any CPU
		{6F5A09FB-9D5B-492E-80D1-86E3D829039A}.Debug|Any CPU.Build.0 = Debug|Any CPU
		{6F5A09FB-9D5B-492E-80D1-86E3D829039A}.Debug|ARM.ActiveCfg = Debug|Any CPU
		{6F5A09FB-9D5B-492E-80D1-86E3D829039A}.Debug|Mixed Platforms.ActiveCfg = Debug|Any CPU
		{6F5A09FB-9D5B-492E-80D1-86E3D829039A}.Debug|Mixed Platforms.Build.0 = Debug|Any CPU
		{6F5A09FB-9D5B-492E-80D1-86E3D829039A}.Debug|x86.ActiveCfg = Debug|Any CPU
		{6F5A09FB-9D5B-492E-80D1-86E3D829039A}.Release|Any CPU.ActiveCfg = Release|Any CPU
		{6F5A09FB-9D5B-492E-80D1-86E3D829039A}.Release|Any CPU.Build.0 = Release|Any CPU
		{6F5A09FB-9D5B-492E-80D1-86E3D829039A}.Release|ARM.ActiveCfg = Release|Any CPU
		{6F5A09FB-9D5B-492E-80D1-86E3D829039A}.Release|Mixed Platforms.ActiveCfg = Release|Any CPU
		{6F5A09FB-9D5B-492E-80D1-86E3D829039A}.Release|Mixed Platforms.Build.0 = Release|Any CPU
		{6F5A09FB-9D5B-492E-80D1-86E3D829039A}.Release|x86.ActiveCfg = Release|Any CPU
		{5FB7A766-E157-4D92-BD68-1331BFF4FB22}.Debug|Any CPU.ActiveCfg = Debug|Any CPU
		{5FB7A766-E157-4D92-BD68-1331BFF4FB22}.Debug|Any CPU.Build.0 = Debug|Any CPU
		{5FB7A766-E157-4D92-BD68-1331BFF4FB22}.Debug|ARM.ActiveCfg = Debug|Any CPU
		{5FB7A766-E157-4D92-BD68-1331BFF4FB22}.Debug|Mixed Platforms.ActiveCfg = Debug|Any CPU
		{5FB7A766-E157-4D92-BD68-1331BFF4FB22}.Debug|Mixed Platforms.Build.0 = Debug|Any CPU
		{5FB7A766-E157-4D92-BD68-1331BFF4FB22}.Debug|x86.ActiveCfg = Debug|Any CPU
		{5FB7A766-E157-4D92-BD68-1331BFF4FB22}.Release|Any CPU.ActiveCfg = Release|Any CPU
		{5FB7A766-E157-4D92-BD68-1331BFF4FB22}.Release|Any CPU.Build.0 = Release|Any CPU
		{5FB7A766-E157-4D92-BD68-1331BFF4FB22}.Release|ARM.ActiveCfg = Release|Any CPU
		{5FB7A766-E157-4D92-BD68-1331BFF4FB22}.Release|Mixed Platforms.ActiveCfg = Release|Any CPU
		{5FB7A766-E157-4D92-BD68-1331BFF4FB22}.Release|Mixed Platforms.Build.0 = Release|Any CPU
		{5FB7A766-E157-4D92-BD68-1331BFF4FB22}.Release|x86.ActiveCfg = Release|Any CPU
		{A8E412DA-506E-4CEC-BD6F-C16C15B6150D}.Debug|Any CPU.ActiveCfg = Debug|Any CPU
		{A8E412DA-506E-4CEC-BD6F-C16C15B6150D}.Debug|ARM.ActiveCfg = Debug|Any CPU
		{A8E412DA-506E-4CEC-BD6F-C16C15B6150D}.Debug|Mixed Platforms.ActiveCfg = Debug|Any CPU
		{A8E412DA-506E-4CEC-BD6F-C16C15B6150D}.Debug|x86.ActiveCfg = Debug|Any CPU
		{A8E412DA-506E-4CEC-BD6F-C16C15B6150D}.Release|Any CPU.ActiveCfg = Release|Any CPU
		{A8E412DA-506E-4CEC-BD6F-C16C15B6150D}.Release|ARM.ActiveCfg = Release|Any CPU
		{A8E412DA-506E-4CEC-BD6F-C16C15B6150D}.Release|Mixed Platforms.ActiveCfg = Release|Any CPU
		{A8E412DA-506E-4CEC-BD6F-C16C15B6150D}.Release|x86.ActiveCfg = Release|Any CPU
		{4654E7E4-3BF0-4FDA-98F8-4BE16FC3497D}.Debug|Any CPU.ActiveCfg = Debug|Any CPU
		{4654E7E4-3BF0-4FDA-98F8-4BE16FC3497D}.Debug|Any CPU.Build.0 = Debug|Any CPU
		{4654E7E4-3BF0-4FDA-98F8-4BE16FC3497D}.Debug|ARM.ActiveCfg = Debug|Any CPU
		{4654E7E4-3BF0-4FDA-98F8-4BE16FC3497D}.Debug|Mixed Platforms.ActiveCfg = Debug|Any CPU
		{4654E7E4-3BF0-4FDA-98F8-4BE16FC3497D}.Debug|Mixed Platforms.Build.0 = Debug|Any CPU
		{4654E7E4-3BF0-4FDA-98F8-4BE16FC3497D}.Debug|x86.ActiveCfg = Debug|Any CPU
		{4654E7E4-3BF0-4FDA-98F8-4BE16FC3497D}.Release|Any CPU.ActiveCfg = Release|Any CPU
		{4654E7E4-3BF0-4FDA-98F8-4BE16FC3497D}.Release|Any CPU.Build.0 = Release|Any CPU
		{4654E7E4-3BF0-4FDA-98F8-4BE16FC3497D}.Release|ARM.ActiveCfg = Release|Any CPU
		{4654E7E4-3BF0-4FDA-98F8-4BE16FC3497D}.Release|Mixed Platforms.ActiveCfg = Release|Any CPU
		{4654E7E4-3BF0-4FDA-98F8-4BE16FC3497D}.Release|Mixed Platforms.Build.0 = Release|Any CPU
		{4654E7E4-3BF0-4FDA-98F8-4BE16FC3497D}.Release|x86.ActiveCfg = Release|Any CPU
		{91BDA551-1CF3-4484-87EF-E341807FBCD8}.Debug|Any CPU.ActiveCfg = Debug|Any CPU
		{91BDA551-1CF3-4484-87EF-E341807FBCD8}.Debug|ARM.ActiveCfg = Debug|Any CPU
		{91BDA551-1CF3-4484-87EF-E341807FBCD8}.Debug|Mixed Platforms.ActiveCfg = Debug|Any CPU
		{91BDA551-1CF3-4484-87EF-E341807FBCD8}.Debug|x86.ActiveCfg = Debug|Any CPU
		{91BDA551-1CF3-4484-87EF-E341807FBCD8}.Release|Any CPU.ActiveCfg = Release|Any CPU
		{91BDA551-1CF3-4484-87EF-E341807FBCD8}.Release|ARM.ActiveCfg = Release|Any CPU
		{91BDA551-1CF3-4484-87EF-E341807FBCD8}.Release|Mixed Platforms.ActiveCfg = Release|Any CPU
		{91BDA551-1CF3-4484-87EF-E341807FBCD8}.Release|x86.ActiveCfg = Release|Any CPU
		{A7A7BBA1-07E9-413A-A162-333430F299C5}.Debug|Any CPU.ActiveCfg = Debug|Any CPU
		{A7A7BBA1-07E9-413A-A162-333430F299C5}.Debug|Any CPU.Build.0 = Debug|Any CPU
		{A7A7BBA1-07E9-413A-A162-333430F299C5}.Debug|ARM.ActiveCfg = Debug|Any CPU
		{A7A7BBA1-07E9-413A-A162-333430F299C5}.Debug|Mixed Platforms.ActiveCfg = Debug|Any CPU
		{A7A7BBA1-07E9-413A-A162-333430F299C5}.Debug|Mixed Platforms.Build.0 = Debug|Any CPU
		{A7A7BBA1-07E9-413A-A162-333430F299C5}.Debug|x86.ActiveCfg = Debug|Any CPU
		{A7A7BBA1-07E9-413A-A162-333430F299C5}.Release|Any CPU.ActiveCfg = Release|Any CPU
		{A7A7BBA1-07E9-413A-A162-333430F299C5}.Release|Any CPU.Build.0 = Release|Any CPU
		{A7A7BBA1-07E9-413A-A162-333430F299C5}.Release|ARM.ActiveCfg = Release|Any CPU
		{A7A7BBA1-07E9-413A-A162-333430F299C5}.Release|Mixed Platforms.ActiveCfg = Release|Any CPU
		{A7A7BBA1-07E9-413A-A162-333430F299C5}.Release|Mixed Platforms.Build.0 = Release|Any CPU
		{A7A7BBA1-07E9-413A-A162-333430F299C5}.Release|x86.ActiveCfg = Release|Any CPU
		{1E6190BD-AF7E-411C-B733-DD33C4F2FA56}.Debug|Any CPU.ActiveCfg = Debug|Any CPU
		{1E6190BD-AF7E-411C-B733-DD33C4F2FA56}.Debug|ARM.ActiveCfg = Debug|Any CPU
		{1E6190BD-AF7E-411C-B733-DD33C4F2FA56}.Debug|Mixed Platforms.ActiveCfg = Debug|Any CPU
		{1E6190BD-AF7E-411C-B733-DD33C4F2FA56}.Debug|x86.ActiveCfg = Debug|Any CPU
		{1E6190BD-AF7E-411C-B733-DD33C4F2FA56}.Release|Any CPU.ActiveCfg = Release|Any CPU
		{1E6190BD-AF7E-411C-B733-DD33C4F2FA56}.Release|ARM.ActiveCfg = Release|Any CPU
		{1E6190BD-AF7E-411C-B733-DD33C4F2FA56}.Release|Mixed Platforms.ActiveCfg = Release|Any CPU
		{1E6190BD-AF7E-411C-B733-DD33C4F2FA56}.Release|Mixed Platforms.Build.0 = Release|Any CPU
		{1E6190BD-AF7E-411C-B733-DD33C4F2FA56}.Release|x86.ActiveCfg = Release|Any CPU
		{2B799386-C484-4F3F-A35D-E2E2752ECAB1}.Debug|Any CPU.ActiveCfg = Debug|Any CPU
		{2B799386-C484-4F3F-A35D-E2E2752ECAB1}.Debug|Any CPU.Build.0 = Debug|Any CPU
		{2B799386-C484-4F3F-A35D-E2E2752ECAB1}.Debug|ARM.ActiveCfg = Debug|Any CPU
		{2B799386-C484-4F3F-A35D-E2E2752ECAB1}.Debug|Mixed Platforms.ActiveCfg = Debug|Any CPU
		{2B799386-C484-4F3F-A35D-E2E2752ECAB1}.Debug|Mixed Platforms.Build.0 = Debug|Any CPU
		{2B799386-C484-4F3F-A35D-E2E2752ECAB1}.Debug|x86.ActiveCfg = Debug|Any CPU
		{2B799386-C484-4F3F-A35D-E2E2752ECAB1}.Release|Any CPU.ActiveCfg = Release|Any CPU
		{2B799386-C484-4F3F-A35D-E2E2752ECAB1}.Release|Any CPU.Build.0 = Release|Any CPU
		{2B799386-C484-4F3F-A35D-E2E2752ECAB1}.Release|ARM.ActiveCfg = Release|Any CPU
		{2B799386-C484-4F3F-A35D-E2E2752ECAB1}.Release|Mixed Platforms.ActiveCfg = Release|Any CPU
		{2B799386-C484-4F3F-A35D-E2E2752ECAB1}.Release|Mixed Platforms.Build.0 = Release|Any CPU
		{2B799386-C484-4F3F-A35D-E2E2752ECAB1}.Release|x86.ActiveCfg = Release|Any CPU
		{F7155AF6-26B9-42E7-A714-13768053F7CE}.Debug|Any CPU.ActiveCfg = Debug|Any CPU
		{F7155AF6-26B9-42E7-A714-13768053F7CE}.Debug|Any CPU.Build.0 = Debug|Any CPU
		{F7155AF6-26B9-42E7-A714-13768053F7CE}.Debug|ARM.ActiveCfg = Debug|Any CPU
		{F7155AF6-26B9-42E7-A714-13768053F7CE}.Debug|Mixed Platforms.ActiveCfg = Debug|Any CPU
		{F7155AF6-26B9-42E7-A714-13768053F7CE}.Debug|Mixed Platforms.Build.0 = Debug|Any CPU
		{F7155AF6-26B9-42E7-A714-13768053F7CE}.Debug|x86.ActiveCfg = Debug|Any CPU
		{F7155AF6-26B9-42E7-A714-13768053F7CE}.Release|Any CPU.ActiveCfg = Release|Any CPU
		{F7155AF6-26B9-42E7-A714-13768053F7CE}.Release|Any CPU.Build.0 = Release|Any CPU
		{F7155AF6-26B9-42E7-A714-13768053F7CE}.Release|ARM.ActiveCfg = Release|Any CPU
		{F7155AF6-26B9-42E7-A714-13768053F7CE}.Release|Mixed Platforms.ActiveCfg = Release|Any CPU
		{F7155AF6-26B9-42E7-A714-13768053F7CE}.Release|Mixed Platforms.Build.0 = Release|Any CPU
		{F7155AF6-26B9-42E7-A714-13768053F7CE}.Release|x86.ActiveCfg = Release|Any CPU
		{6AADA9D2-CDDB-4089-8293-EC278F193713}.Debug|Any CPU.ActiveCfg = Debug|Any CPU
		{6AADA9D2-CDDB-4089-8293-EC278F193713}.Debug|Any CPU.Build.0 = Debug|Any CPU
		{6AADA9D2-CDDB-4089-8293-EC278F193713}.Debug|ARM.ActiveCfg = Debug|Any CPU
		{6AADA9D2-CDDB-4089-8293-EC278F193713}.Debug|Mixed Platforms.ActiveCfg = Debug|Any CPU
		{6AADA9D2-CDDB-4089-8293-EC278F193713}.Debug|Mixed Platforms.Build.0 = Debug|Any CPU
		{6AADA9D2-CDDB-4089-8293-EC278F193713}.Debug|x86.ActiveCfg = Debug|Any CPU
		{6AADA9D2-CDDB-4089-8293-EC278F193713}.Release|Any CPU.ActiveCfg = Release|Any CPU
		{6AADA9D2-CDDB-4089-8293-EC278F193713}.Release|Any CPU.Build.0 = Release|Any CPU
		{6AADA9D2-CDDB-4089-8293-EC278F193713}.Release|ARM.ActiveCfg = Release|Any CPU
		{6AADA9D2-CDDB-4089-8293-EC278F193713}.Release|Mixed Platforms.ActiveCfg = Release|Any CPU
		{6AADA9D2-CDDB-4089-8293-EC278F193713}.Release|Mixed Platforms.Build.0 = Release|Any CPU
		{6AADA9D2-CDDB-4089-8293-EC278F193713}.Release|x86.ActiveCfg = Release|Any CPU
		{E7FD10A2-BB81-4F98-A199-0F7834093FA9}.Debug|Any CPU.ActiveCfg = Debug|Any CPU
		{E7FD10A2-BB81-4F98-A199-0F7834093FA9}.Debug|ARM.ActiveCfg = Debug|Any CPU
		{E7FD10A2-BB81-4F98-A199-0F7834093FA9}.Debug|Mixed Platforms.ActiveCfg = Debug|Any CPU
		{E7FD10A2-BB81-4F98-A199-0F7834093FA9}.Debug|x86.ActiveCfg = Debug|Any CPU
		{E7FD10A2-BB81-4F98-A199-0F7834093FA9}.Release|Any CPU.ActiveCfg = Release|Any CPU
		{E7FD10A2-BB81-4F98-A199-0F7834093FA9}.Release|ARM.ActiveCfg = Release|Any CPU
		{E7FD10A2-BB81-4F98-A199-0F7834093FA9}.Release|Mixed Platforms.ActiveCfg = Release|Any CPU
		{E7FD10A2-BB81-4F98-A199-0F7834093FA9}.Release|Mixed Platforms.Build.0 = Release|Any CPU
		{E7FD10A2-BB81-4F98-A199-0F7834093FA9}.Release|x86.ActiveCfg = Release|Any CPU
		{AA3A981A-8BC8-492E-8DBC-6A6AB959B244}.Debug|Any CPU.ActiveCfg = Debug|Any CPU
		{AA3A981A-8BC8-492E-8DBC-6A6AB959B244}.Debug|Any CPU.Build.0 = Debug|Any CPU
		{AA3A981A-8BC8-492E-8DBC-6A6AB959B244}.Debug|ARM.ActiveCfg = Debug|Any CPU
		{AA3A981A-8BC8-492E-8DBC-6A6AB959B244}.Debug|Mixed Platforms.ActiveCfg = Debug|Any CPU
		{AA3A981A-8BC8-492E-8DBC-6A6AB959B244}.Debug|Mixed Platforms.Build.0 = Debug|Any CPU
		{AA3A981A-8BC8-492E-8DBC-6A6AB959B244}.Debug|x86.ActiveCfg = Debug|Any CPU
		{AA3A981A-8BC8-492E-8DBC-6A6AB959B244}.Release|Any CPU.ActiveCfg = Release|Any CPU
		{AA3A981A-8BC8-492E-8DBC-6A6AB959B244}.Release|Any CPU.Build.0 = Release|Any CPU
		{AA3A981A-8BC8-492E-8DBC-6A6AB959B244}.Release|ARM.ActiveCfg = Release|Any CPU
		{AA3A981A-8BC8-492E-8DBC-6A6AB959B244}.Release|Mixed Platforms.ActiveCfg = Release|Any CPU
		{AA3A981A-8BC8-492E-8DBC-6A6AB959B244}.Release|Mixed Platforms.Build.0 = Release|Any CPU
		{AA3A981A-8BC8-492E-8DBC-6A6AB959B244}.Release|x86.ActiveCfg = Release|Any CPU
		{77503B89-80A9-4773-9221-7B54C1EED684}.Debug|Any CPU.ActiveCfg = Debug|Any CPU
		{77503B89-80A9-4773-9221-7B54C1EED684}.Debug|Any CPU.Build.0 = Debug|Any CPU
		{77503B89-80A9-4773-9221-7B54C1EED684}.Debug|ARM.ActiveCfg = Debug|Any CPU
		{77503B89-80A9-4773-9221-7B54C1EED684}.Debug|Mixed Platforms.ActiveCfg = Debug|Any CPU
		{77503B89-80A9-4773-9221-7B54C1EED684}.Debug|Mixed Platforms.Build.0 = Debug|Any CPU
		{77503B89-80A9-4773-9221-7B54C1EED684}.Debug|x86.ActiveCfg = Debug|Any CPU
		{77503B89-80A9-4773-9221-7B54C1EED684}.Release|Any CPU.ActiveCfg = Release|Any CPU
		{77503B89-80A9-4773-9221-7B54C1EED684}.Release|Any CPU.Build.0 = Release|Any CPU
		{77503B89-80A9-4773-9221-7B54C1EED684}.Release|ARM.ActiveCfg = Release|Any CPU
		{77503B89-80A9-4773-9221-7B54C1EED684}.Release|Mixed Platforms.ActiveCfg = Release|Any CPU
		{77503B89-80A9-4773-9221-7B54C1EED684}.Release|Mixed Platforms.Build.0 = Release|Any CPU
		{77503B89-80A9-4773-9221-7B54C1EED684}.Release|x86.ActiveCfg = Release|Any CPU
		{BA22468A-F5FD-4A3A-ADA4-9FFA0FB7B4EA}.Debug|Any CPU.ActiveCfg = Debug|Any CPU
		{BA22468A-F5FD-4A3A-ADA4-9FFA0FB7B4EA}.Debug|ARM.ActiveCfg = Debug|Any CPU
		{BA22468A-F5FD-4A3A-ADA4-9FFA0FB7B4EA}.Debug|Mixed Platforms.ActiveCfg = Debug|Any CPU
		{BA22468A-F5FD-4A3A-ADA4-9FFA0FB7B4EA}.Debug|Mixed Platforms.Build.0 = Debug|Any CPU
		{BA22468A-F5FD-4A3A-ADA4-9FFA0FB7B4EA}.Debug|x86.ActiveCfg = Debug|Any CPU
		{BA22468A-F5FD-4A3A-ADA4-9FFA0FB7B4EA}.Release|Any CPU.ActiveCfg = Release|Any CPU
		{BA22468A-F5FD-4A3A-ADA4-9FFA0FB7B4EA}.Release|ARM.ActiveCfg = Release|Any CPU
		{BA22468A-F5FD-4A3A-ADA4-9FFA0FB7B4EA}.Release|Mixed Platforms.ActiveCfg = Release|Any CPU
		{BA22468A-F5FD-4A3A-ADA4-9FFA0FB7B4EA}.Release|Mixed Platforms.Build.0 = Release|Any CPU
		{BA22468A-F5FD-4A3A-ADA4-9FFA0FB7B4EA}.Release|x86.ActiveCfg = Release|Any CPU
		{F2C005DF-90CE-4511-9A91-6B3EAD155AE8}.Debug|Any CPU.ActiveCfg = Debug|Any CPU
		{F2C005DF-90CE-4511-9A91-6B3EAD155AE8}.Debug|Any CPU.Build.0 = Debug|Any CPU
		{F2C005DF-90CE-4511-9A91-6B3EAD155AE8}.Debug|ARM.ActiveCfg = Debug|Any CPU
		{F2C005DF-90CE-4511-9A91-6B3EAD155AE8}.Debug|Mixed Platforms.ActiveCfg = Debug|Any CPU
		{F2C005DF-90CE-4511-9A91-6B3EAD155AE8}.Debug|Mixed Platforms.Build.0 = Debug|Any CPU
		{F2C005DF-90CE-4511-9A91-6B3EAD155AE8}.Debug|x86.ActiveCfg = Debug|Any CPU
		{F2C005DF-90CE-4511-9A91-6B3EAD155AE8}.Release|Any CPU.ActiveCfg = Release|Any CPU
		{F2C005DF-90CE-4511-9A91-6B3EAD155AE8}.Release|Any CPU.Build.0 = Release|Any CPU
		{F2C005DF-90CE-4511-9A91-6B3EAD155AE8}.Release|ARM.ActiveCfg = Release|Any CPU
		{F2C005DF-90CE-4511-9A91-6B3EAD155AE8}.Release|Mixed Platforms.ActiveCfg = Release|Any CPU
		{F2C005DF-90CE-4511-9A91-6B3EAD155AE8}.Release|Mixed Platforms.Build.0 = Release|Any CPU
		{F2C005DF-90CE-4511-9A91-6B3EAD155AE8}.Release|x86.ActiveCfg = Release|Any CPU
		{90CF0D3F-EECB-4141-9F92-C7CD11EC954E}.Debug|Any CPU.ActiveCfg = Debug|Any CPU
		{90CF0D3F-EECB-4141-9F92-C7CD11EC954E}.Debug|Any CPU.Build.0 = Debug|Any CPU
		{90CF0D3F-EECB-4141-9F92-C7CD11EC954E}.Debug|ARM.ActiveCfg = Debug|Any CPU
		{90CF0D3F-EECB-4141-9F92-C7CD11EC954E}.Debug|Mixed Platforms.ActiveCfg = Debug|Any CPU
		{90CF0D3F-EECB-4141-9F92-C7CD11EC954E}.Debug|Mixed Platforms.Build.0 = Debug|Any CPU
		{90CF0D3F-EECB-4141-9F92-C7CD11EC954E}.Debug|x86.ActiveCfg = Debug|Any CPU
		{90CF0D3F-EECB-4141-9F92-C7CD11EC954E}.Release|Any CPU.ActiveCfg = Release|Any CPU
		{90CF0D3F-EECB-4141-9F92-C7CD11EC954E}.Release|Any CPU.Build.0 = Release|Any CPU
		{90CF0D3F-EECB-4141-9F92-C7CD11EC954E}.Release|ARM.ActiveCfg = Release|Any CPU
		{90CF0D3F-EECB-4141-9F92-C7CD11EC954E}.Release|Mixed Platforms.ActiveCfg = Release|Any CPU
		{90CF0D3F-EECB-4141-9F92-C7CD11EC954E}.Release|Mixed Platforms.Build.0 = Release|Any CPU
		{90CF0D3F-EECB-4141-9F92-C7CD11EC954E}.Release|x86.ActiveCfg = Release|Any CPU
	EndGlobalSection
	GlobalSection(SolutionProperties) = preSolution
		HideSolutionNode = FALSE
	EndGlobalSection
	GlobalSection(NestedProjects) = preSolution
		{894FF9E8-4DBF-4472-8AE2-1A6A988E105B} = {5A5B8E59-A254-4C13-9898-583B9189C420}
		{F9C37D61-2764-42EF-95BF-F17A938E3012} = {78CA8FEC-3EE3-47F1-A552-8E3361D87D26}
		{7D7AE61D-4326-495B-BF94-D54CCC03E127} = {26B6805B-1570-4BFC-AC57-CDEFCF9E716F}
		{91583912-B870-4DA7-8092-3EFD84DF043D} = {5A5B8E59-A254-4C13-9898-583B9189C420}
		{57E93AE9-A6A8-46B5-B559-9388B57566D2} = {26B6805B-1570-4BFC-AC57-CDEFCF9E716F}
		{2B09B37D-4049-4416-BDAB-14008BFA96D8} = {5A5B8E59-A254-4C13-9898-583B9189C420}
		{6F5A09FB-9D5B-492E-80D1-86E3D829039A} = {5A5B8E59-A254-4C13-9898-583B9189C420}
		{5FB7A766-E157-4D92-BD68-1331BFF4FB22} = {26B6805B-1570-4BFC-AC57-CDEFCF9E716F}
		{A8E412DA-506E-4CEC-BD6F-C16C15B6150D} = {78CA8FEC-3EE3-47F1-A552-8E3361D87D26}
		{4654E7E4-3BF0-4FDA-98F8-4BE16FC3497D} = {26B6805B-1570-4BFC-AC57-CDEFCF9E716F}
		{91BDA551-1CF3-4484-87EF-E341807FBCD8} = {78CA8FEC-3EE3-47F1-A552-8E3361D87D26}
		{A7A7BBA1-07E9-413A-A162-333430F299C5} = {26B6805B-1570-4BFC-AC57-CDEFCF9E716F}
		{1E6190BD-AF7E-411C-B733-DD33C4F2FA56} = {78CA8FEC-3EE3-47F1-A552-8E3361D87D26}
		{2B799386-C484-4F3F-A35D-E2E2752ECAB1} = {5A5B8E59-A254-4C13-9898-583B9189C420}
		{F7155AF6-26B9-42E7-A714-13768053F7CE} = {5A5B8E59-A254-4C13-9898-583B9189C420}
		{6AADA9D2-CDDB-4089-8293-EC278F193713} = {26B6805B-1570-4BFC-AC57-CDEFCF9E716F}
		{E7FD10A2-BB81-4F98-A199-0F7834093FA9} = {78CA8FEC-3EE3-47F1-A552-8E3361D87D26}
		{AA3A981A-8BC8-492E-8DBC-6A6AB959B244} = {26B6805B-1570-4BFC-AC57-CDEFCF9E716F}
		{77503B89-80A9-4773-9221-7B54C1EED684} = {26B6805B-1570-4BFC-AC57-CDEFCF9E716F}
		{BA22468A-F5FD-4A3A-ADA4-9FFA0FB7B4EA} = {78CA8FEC-3EE3-47F1-A552-8E3361D87D26}
		{F2C005DF-90CE-4511-9A91-6B3EAD155AE8} = {5A5B8E59-A254-4C13-9898-583B9189C420}
		{90CF0D3F-EECB-4141-9F92-C7CD11EC954E} = {5A5B8E59-A254-4C13-9898-583B9189C420}
	EndGlobalSection
	GlobalSection(MonoDevelopProperties) = preSolution
		StartupItem = SimpleRestClient\SimpleRestClient.csproj
	EndGlobalSection
	GlobalSection(TestCaseManagementSettings) = postSolution
		CategoryFile = Twilio1.vsmdi
	EndGlobalSection
EndGlobal
